
Microsoft Visual Studio Solution File, Format Version 12.00
# Visual Studio 14
VisualStudioVersion = 14.0.25420.1
MinimumVisualStudioVersion = 10.0.40219.1
Project("{FAE04EC0-301F-11D3-BF4B-00C04F79EFBC}") = "ManageEmployees.Data", "ManageEmployees.Data\ManageEmployees.Data.csproj", "{7CBE7734-B464-4AE3-9C33-80FDB36CE3EB}"
EndProject
Project("{FAE04EC0-301F-11D3-BF4B-00C04F79EFBC}") = "ManageEmployees.Business", "ManageEmployees.Business\ManageEmployees.Business.csproj", "{A26D76E7-252E-45FE-9C4E-5DC7A4B64CD8}"
EndProject
Project("{FAE04EC0-301F-11D3-BF4B-00C04F79EFBC}") = "ManageEmployeesTest", "ManageEmployeesTest\ManageEmployeesTest.csproj", "{0DF170A7-1956-4E97-9EDC-A3A7D890BEDA}"
EndProject
Project("{FAE04EC0-301F-11D3-BF4B-00C04F79EFBC}") = "ManageEmployees.WebApi", "ManageEmployees.WebApi\ManageEmployees.WebApi.csproj", "{FFB5FF6F-58DD-4203-B03C-E179B99AF29E}"
EndProject
Global
	GlobalSection(SolutionConfigurationPlatforms) = preSolution
		Debug|Any CPU = Debug|Any CPU
		Release|Any CPU = Release|Any CPU
	EndGlobalSection
	GlobalSection(ProjectConfigurationPlatforms) = postSolution
		{7CBE7734-B464-4AE3-9C33-80FDB36CE3EB}.Debug|Any CPU.ActiveCfg = Debug|Any CPU
		{7CBE7734-B464-4AE3-9C33-80FDB36CE3EB}.Debug|Any CPU.Build.0 = Debug|Any CPU
		{7CBE7734-B464-4AE3-9C33-80FDB36CE3EB}.Release|Any CPU.ActiveCfg = Release|Any CPU
		{7CBE7734-B464-4AE3-9C33-80FDB36CE3EB}.Release|Any CPU.Build.0 = Release|Any CPU
		{A26D76E7-252E-45FE-9C4E-5DC7A4B64CD8}.Debug|Any CPU.ActiveCfg = Debug|Any CPU
		{A26D76E7-252E-45FE-9C4E-5DC7A4B64CD8}.Debug|Any CPU.Build.0 = Debug|Any CPU
		{A26D76E7-252E-45FE-9C4E-5DC7A4B64CD8}.Release|Any CPU.ActiveCfg = Release|Any CPU
		{A26D76E7-252E-45FE-9C4E-5DC7A4B64CD8}.Release|Any CPU.Build.0 = Release|Any CPU
		{0DF170A7-1956-4E97-9EDC-A3A7D890BEDA}.Debug|Any CPU.ActiveCfg = Debug|Any CPU
		{0DF170A7-1956-4E97-9EDC-A3A7D890BEDA}.Debug|Any CPU.Build.0 = Debug|Any CPU
		{0DF170A7-1956-4E97-9EDC-A3A7D890BEDA}.Release|Any CPU.ActiveCfg = Release|Any CPU
		{0DF170A7-1956-4E97-9EDC-A3A7D890BEDA}.Release|Any CPU.Build.0 = Release|Any CPU
		{FFB5FF6F-58DD-4203-B03C-E179B99AF29E}.Debug|Any CPU.ActiveCfg = Debug|Any CPU
		{FFB5FF6F-58DD-4203-B03C-E179B99AF29E}.Debug|Any CPU.Build.0 = Debug|Any CPU
		{FFB5FF6F-58DD-4203-B03C-E179B99AF29E}.Release|Any CPU.ActiveCfg = Release|Any CPU
		{FFB5FF6F-58DD-4203-B03C-E179B99AF29E}.Release|Any CPU.Build.0 = Release|Any CPU
	EndGlobalSection
	GlobalSection(SolutionProperties) = preSolution
		HideSolutionNode = FALSE
	EndGlobalSection
	GlobalSection(ExtensibilityGlobals) = postSolution
		SolutionGuid = {18768FC0-ABB4-485D-A0E4-3FD879B1E472}
	EndGlobalSection
EndGlobal
